
Microsoft Visual Studio Solution File, Format Version 12.00
Project("{FAE04EC0-301F-11D3-BF4B-00C04F79EFBC}") = "ElGamal", "ElGamal\ElGamal.csproj", "{F725FD7F-663D-4D39-AC47-0A259217ADFB}"
EndProject
Project("{FAE04EC0-301F-11D3-BF4B-00C04F79EFBC}") = "GUI", "GUI\GUI.csproj", "{89FE526C-053F-497F-9880-8107DA76DC5B}"
EndProject
Global
	GlobalSection(SolutionConfigurationPlatforms) = preSolution
		Debug|Any CPU = Debug|Any CPU
		Release|Any CPU = Release|Any CPU
	EndGlobalSection
	GlobalSection(ProjectConfigurationPlatforms) = postSolution
		{F725FD7F-663D-4D39-AC47-0A259217ADFB}.Debug|Any CPU.ActiveCfg = Debug|Any CPU
		{F725FD7F-663D-4D39-AC47-0A259217ADFB}.Debug|Any CPU.Build.0 = Debug|Any CPU
		{F725FD7F-663D-4D39-AC47-0A259217ADFB}.Release|Any CPU.ActiveCfg = Release|Any CPU
		{F725FD7F-663D-4D39-AC47-0A259217ADFB}.Release|Any CPU.Build.0 = Release|Any CPU
		{89FE526C-053F-497F-9880-8107DA76DC5B}.Debug|Any CPU.ActiveCfg = Debug|Any CPU
		{89FE526C-053F-497F-9880-8107DA76DC5B}.Debug|Any CPU.Build.0 = Debug|Any CPU
		{89FE526C-053F-497F-9880-8107DA76DC5B}.Release|Any CPU.ActiveCfg = Release|Any CPU
		{89FE526C-053F-497F-9880-8107DA76DC5B}.Release|Any CPU.Build.0 = Release|Any CPU
	EndGlobalSection
EndGlobal
